// !$*UTF8*$!
{
	archiveVersion = 1;
	classes = {
	};
	objectVersion = 56;
	objects = {

/* Begin PBXBuildFile section */
		41DC5FB529761C2F0087B017 /* AppDelegate.swift in Sources */ = {isa = PBXBuildFile; fileRef = 41DC5FB429761C2F0087B017 /* AppDelegate.swift */; };
		41DC5FB729761C2F0087B017 /* SceneDelegate.swift in Sources */ = {isa = PBXBuildFile; fileRef = 41DC5FB629761C2F0087B017 /* SceneDelegate.swift */; };
		41DC5FB929761C2F0087B017 /* ViewController.swift in Sources */ = {isa = PBXBuildFile; fileRef = 41DC5FB829761C2F0087B017 /* ViewController.swift */; };
		41DC5FBE29761C310087B017 /* Assets.xcassets in Resources */ = {isa = PBXBuildFile; fileRef = 41DC5FBD29761C310087B017 /* Assets.xcassets */; };
		41DC5FC129761C310087B017 /* LaunchScreen.storyboard in Resources */ = {isa = PBXBuildFile; fileRef = 41DC5FBF29761C310087B017 /* LaunchScreen.storyboard */; };
		41DC5FCC29761C310087B017 /* StocksTests.swift in Sources */ = {isa = PBXBuildFile; fileRef = 41DC5FCB29761C310087B017 /* StocksTests.swift */; };
		41DC5FD629761C310087B017 /* StocksUITests.swift in Sources */ = {isa = PBXBuildFile; fileRef = 41DC5FD529761C310087B017 /* StocksUITests.swift */; };
		41DC5FD829761C310087B017 /* StocksUITestsLaunchTests.swift in Sources */ = {isa = PBXBuildFile; fileRef = 41DC5FD729761C310087B017 /* StocksUITestsLaunchTests.swift */; };
		41DC5FE629761D280087B017 /* XCAStocksAPI in Frameworks */ = {isa = PBXBuildFile; productRef = 41DC5FE529761D280087B017 /* XCAStocksAPI */; };
		41DC5FF129761F390087B017 /* Coordinator.swift in Sources */ = {isa = PBXBuildFile; fileRef = 41DC5FF029761F390087B017 /* Coordinator.swift */; };
		41DC5FF329761F510087B017 /* MainCoordinator.swift in Sources */ = {isa = PBXBuildFile; fileRef = 41DC5FF229761F510087B017 /* MainCoordinator.swift */; };
/* End PBXBuildFile section */

/* Begin PBXContainerItemProxy section */
		41DC5FC829761C310087B017 /* PBXContainerItemProxy */ = {
			isa = PBXContainerItemProxy;
			containerPortal = 41DC5FA929761C2F0087B017 /* Project object */;
			proxyType = 1;
			remoteGlobalIDString = 41DC5FB029761C2F0087B017;
			remoteInfo = Stocks;
		};
		41DC5FD229761C310087B017 /* PBXContainerItemProxy */ = {
			isa = PBXContainerItemProxy;
			containerPortal = 41DC5FA929761C2F0087B017 /* Project object */;
			proxyType = 1;
			remoteGlobalIDString = 41DC5FB029761C2F0087B017;
			remoteInfo = Stocks;
		};
/* End PBXContainerItemProxy section */

/* Begin PBXFileReference section */
		41DC5FB129761C2F0087B017 /* Stocks.app */ = {isa = PBXFileReference; explicitFileType = wrapper.application; includeInIndex = 0; path = Stocks.app; sourceTree = BUILT_PRODUCTS_DIR; };
		41DC5FB429761C2F0087B017 /* AppDelegate.swift */ = {isa = PBXFileReference; lastKnownFileType = sourcecode.swift; path = AppDelegate.swift; sourceTree = "<group>"; };
		41DC5FB629761C2F0087B017 /* SceneDelegate.swift */ = {isa = PBXFileReference; lastKnownFileType = sourcecode.swift; path = SceneDelegate.swift; sourceTree = "<group>"; };
		41DC5FB829761C2F0087B017 /* ViewController.swift */ = {isa = PBXFileReference; lastKnownFileType = sourcecode.swift; path = ViewController.swift; sourceTree = "<group>"; };
		41DC5FBD29761C310087B017 /* Assets.xcassets */ = {isa = PBXFileReference; lastKnownFileType = folder.assetcatalog; path = Assets.xcassets; sourceTree = "<group>"; };
		41DC5FC029761C310087B017 /* Base */ = {isa = PBXFileReference; lastKnownFileType = file.storyboard; name = Base; path = Base.lproj/LaunchScreen.storyboard; sourceTree = "<group>"; };
		41DC5FC229761C310087B017 /* Info.plist */ = {isa = PBXFileReference; lastKnownFileType = text.plist.xml; path = Info.plist; sourceTree = "<group>"; };
		41DC5FC729761C310087B017 /* StocksTests.xctest */ = {isa = PBXFileReference; explicitFileType = wrapper.cfbundle; includeInIndex = 0; path = StocksTests.xctest; sourceTree = BUILT_PRODUCTS_DIR; };
		41DC5FCB29761C310087B017 /* StocksTests.swift */ = {isa = PBXFileReference; lastKnownFileType = sourcecode.swift; path = StocksTests.swift; sourceTree = "<group>"; };
		41DC5FD129761C310087B017 /* StocksUITests.xctest */ = {isa = PBXFileReference; explicitFileType = wrapper.cfbundle; includeInIndex = 0; path = StocksUITests.xctest; sourceTree = BUILT_PRODUCTS_DIR; };
		41DC5FD529761C310087B017 /* StocksUITests.swift */ = {isa = PBXFileReference; lastKnownFileType = sourcecode.swift; path = StocksUITests.swift; sourceTree = "<group>"; };
		41DC5FD729761C310087B017 /* StocksUITestsLaunchTests.swift */ = {isa = PBXFileReference; lastKnownFileType = sourcecode.swift; path = StocksUITestsLaunchTests.swift; sourceTree = "<group>"; };
		41DC5FF029761F390087B017 /* Coordinator.swift */ = {isa = PBXFileReference; lastKnownFileType = sourcecode.swift; path = Coordinator.swift; sourceTree = "<group>"; };
		41DC5FF229761F510087B017 /* MainCoordinator.swift */ = {isa = PBXFileReference; lastKnownFileType = sourcecode.swift; path = MainCoordinator.swift; sourceTree = "<group>"; };
/* End PBXFileReference section */

/* Begin PBXFrameworksBuildPhase section */
		41DC5FAE29761C2F0087B017 /* Frameworks */ = {
			isa = PBXFrameworksBuildPhase;
			buildActionMask = 2147483647;
			files = (
				41DC5FE629761D280087B017 /* XCAStocksAPI in Frameworks */,
			);
			runOnlyForDeploymentPostprocessing = 0;
		};
		41DC5FC429761C310087B017 /* Frameworks */ = {
			isa = PBXFrameworksBuildPhase;
			buildActionMask = 2147483647;
			files = (
			);
			runOnlyForDeploymentPostprocessing = 0;
		};
		41DC5FCE29761C310087B017 /* Frameworks */ = {
			isa = PBXFrameworksBuildPhase;
			buildActionMask = 2147483647;
			files = (
			);
			runOnlyForDeploymentPostprocessing = 0;
		};
/* End PBXFrameworksBuildPhase section */

/* Begin PBXGroup section */
		41DC5FA829761C2F0087B017 = {
			isa = PBXGroup;
			children = (
				41DC5FB329761C2F0087B017 /* Stocks */,
				41DC5FCA29761C310087B017 /* StocksTests */,
				41DC5FD429761C310087B017 /* StocksUITests */,
				41DC5FB229761C2F0087B017 /* Products */,
			);
			sourceTree = "<group>";
		};
		41DC5FB229761C2F0087B017 /* Products */ = {
			isa = PBXGroup;
			children = (
				41DC5FB129761C2F0087B017 /* Stocks.app */,
				41DC5FC729761C310087B017 /* StocksTests.xctest */,
				41DC5FD129761C310087B017 /* StocksUITests.xctest */,
			);
			name = Products;
			sourceTree = "<group>";
		};
		41DC5FB329761C2F0087B017 /* Stocks */ = {
			isa = PBXGroup;
			children = (
				41DC5FE729761D8C0087B017 /* Components */,
				41DC5FE829761D950087B017 /* Coordinator */,
				41DC5FEF29761DF90087B017 /* Extensions */,
				41DC5FEE29761DF20087B017 /* Features */,
				41DC5FED29761DE60087B017 /* Model */,
				41DC5FEC29761DDC0087B017 /* Service */,
				41DC5FEB29761DCE0087B017 /* Storyboards */,
				41DC5FEA29761DBE0087B017 /* SupportingFiles */,
				41DC5FE929761DB10087B017 /* Utils */,
				41DC5FB829761C2F0087B017 /* ViewController.swift */,
				41DC5FC229761C310087B017 /* Info.plist */,
			);
			path = Stocks;
			sourceTree = "<group>";
		};
		41DC5FCA29761C310087B017 /* StocksTests */ = {
			isa = PBXGroup;
			children = (
				41DC5FCB29761C310087B017 /* StocksTests.swift */,
			);
			path = StocksTests;
			sourceTree = "<group>";
		};
		41DC5FD429761C310087B017 /* StocksUITests */ = {
			isa = PBXGroup;
			children = (
				41DC5FD529761C310087B017 /* StocksUITests.swift */,
				41DC5FD729761C310087B017 /* StocksUITestsLaunchTests.swift */,
			);
			path = StocksUITests;
			sourceTree = "<group>";
		};
		41DC5FE729761D8C0087B017 /* Components */ = {
			isa = PBXGroup;
			children = (
			);
			path = Components;
			sourceTree = "<group>";
		};
		41DC5FE829761D950087B017 /* Coordinator */ = {
			isa = PBXGroup;
			children = (
				41DC5FF029761F390087B017 /* Coordinator.swift */,
				41DC5FF229761F510087B017 /* MainCoordinator.swift */,
			);
			path = Coordinator;
			sourceTree = "<group>";
		};
		41DC5FE929761DB10087B017 /* Utils */ = {
			isa = PBXGroup;
			children = (
			);
			path = Utils;
			sourceTree = "<group>";
		};
		41DC5FEA29761DBE0087B017 /* SupportingFiles */ = {
			isa = PBXGroup;
			children = (
				41DC5FB429761C2F0087B017 /* AppDelegate.swift */,
				41DC5FB629761C2F0087B017 /* SceneDelegate.swift */,
				41DC5FBD29761C310087B017 /* Assets.xcassets */,
			);
			path = SupportingFiles;
			sourceTree = "<group>";
		};
		41DC5FEB29761DCE0087B017 /* Storyboards */ = {
			isa = PBXGroup;
			children = (
				41DC5FBF29761C310087B017 /* LaunchScreen.storyboard */,
			);
			path = Storyboards;
			sourceTree = "<group>";
		};
		41DC5FEC29761DDC0087B017 /* Service */ = {
			isa = PBXGroup;
			children = (
			);
			path = Service;
			sourceTree = "<group>";
		};
		41DC5FED29761DE60087B017 /* Model */ = {
			isa = PBXGroup;
			children = (
			);
			path = Model;
			sourceTree = "<group>";
		};
		41DC5FEE29761DF20087B017 /* Features */ = {
			isa = PBXGroup;
			children = (
			);
			path = Features;
			sourceTree = "<group>";
		};
		41DC5FEF29761DF90087B017 /* Extensions */ = {
			isa = PBXGroup;
			children = (
			);
			path = Extensions;
			sourceTree = "<group>";
		};
/* End PBXGroup section */

/* Begin PBXNativeTarget section */
		41DC5FB029761C2F0087B017 /* Stocks */ = {
			isa = PBXNativeTarget;
			buildConfigurationList = 41DC5FDB29761C310087B017 /* Build configuration list for PBXNativeTarget "Stocks" */;
			buildPhases = (
				41DC5FAD29761C2F0087B017 /* Sources */,
				41DC5FAE29761C2F0087B017 /* Frameworks */,
				41DC5FAF29761C2F0087B017 /* Resources */,
			);
			buildRules = (
			);
			dependencies = (
			);
			name = Stocks;
			packageProductDependencies = (
				41DC5FE529761D280087B017 /* XCAStocksAPI */,
			);
			productName = Stocks;
			productReference = 41DC5FB129761C2F0087B017 /* Stocks.app */;
			productType = "com.apple.product-type.application";
		};
		41DC5FC629761C310087B017 /* StocksTests */ = {
			isa = PBXNativeTarget;
			buildConfigurationList = 41DC5FDE29761C310087B017 /* Build configuration list for PBXNativeTarget "StocksTests" */;
			buildPhases = (
				41DC5FC329761C310087B017 /* Sources */,
				41DC5FC429761C310087B017 /* Frameworks */,
				41DC5FC529761C310087B017 /* Resources */,
			);
			buildRules = (
			);
			dependencies = (
				41DC5FC929761C310087B017 /* PBXTargetDependency */,
			);
			name = StocksTests;
			productName = StocksTests;
			productReference = 41DC5FC729761C310087B017 /* StocksTests.xctest */;
			productType = "com.apple.product-type.bundle.unit-test";
		};
		41DC5FD029761C310087B017 /* StocksUITests */ = {
			isa = PBXNativeTarget;
			buildConfigurationList = 41DC5FE129761C310087B017 /* Build configuration list for PBXNativeTarget "StocksUITests" */;
			buildPhases = (
				41DC5FCD29761C310087B017 /* Sources */,
				41DC5FCE29761C310087B017 /* Frameworks */,
				41DC5FCF29761C310087B017 /* Resources */,
			);
			buildRules = (
			);
			dependencies = (
				41DC5FD329761C310087B017 /* PBXTargetDependency */,
			);
			name = StocksUITests;
			productName = StocksUITests;
			productReference = 41DC5FD129761C310087B017 /* StocksUITests.xctest */;
			productType = "com.apple.product-type.bundle.ui-testing";
		};
/* End PBXNativeTarget section */

/* Begin PBXProject section */
		41DC5FA929761C2F0087B017 /* Project object */ = {
			isa = PBXProject;
			attributes = {
				BuildIndependentTargetsInParallel = 1;
				LastSwiftUpdateCheck = 1410;
				LastUpgradeCheck = 1410;
				TargetAttributes = {
					41DC5FB029761C2F0087B017 = {
						CreatedOnToolsVersion = 14.1;
					};
					41DC5FC629761C310087B017 = {
						CreatedOnToolsVersion = 14.1;
						TestTargetID = 41DC5FB029761C2F0087B017;
					};
					41DC5FD029761C310087B017 = {
						CreatedOnToolsVersion = 14.1;
						TestTargetID = 41DC5FB029761C2F0087B017;
					};
				};
			};
			buildConfigurationList = 41DC5FAC29761C2F0087B017 /* Build configuration list for PBXProject "Stocks" */;
			compatibilityVersion = "Xcode 14.0";
			developmentRegion = en;
			hasScannedForEncodings = 0;
			knownRegions = (
				en,
				Base,
			);
			mainGroup = 41DC5FA829761C2F0087B017;
			packageReferences = (
				41DC5FE429761D280087B017 /* XCRemoteSwiftPackageReference "XCAStocksAPI" */,
			);
			productRefGroup = 41DC5FB229761C2F0087B017 /* Products */;
			projectDirPath = "";
			projectRoot = "";
			targets = (
				41DC5FB029761C2F0087B017 /* Stocks */,
				41DC5FC629761C310087B017 /* StocksTests */,
				41DC5FD029761C310087B017 /* StocksUITests */,
			);
		};
/* End PBXProject section */

/* Begin PBXResourcesBuildPhase section */
		41DC5FAF29761C2F0087B017 /* Resources */ = {
			isa = PBXResourcesBuildPhase;
			buildActionMask = 2147483647;
			files = (
				41DC5FC129761C310087B017 /* LaunchScreen.storyboard in Resources */,
				41DC5FBE29761C310087B017 /* Assets.xcassets in Resources */,
			);
			runOnlyForDeploymentPostprocessing = 0;
		};
		41DC5FC529761C310087B017 /* Resources */ = {
			isa = PBXResourcesBuildPhase;
			buildActionMask = 2147483647;
			files = (
			);
			runOnlyForDeploymentPostprocessing = 0;
		};
		41DC5FCF29761C310087B017 /* Resources */ = {
			isa = PBXResourcesBuildPhase;
			buildActionMask = 2147483647;
			files = (
			);
			runOnlyForDeploymentPostprocessing = 0;
		};
/* End PBXResourcesBuildPhase section */

/* Begin PBXSourcesBuildPhase section */
		41DC5FAD29761C2F0087B017 /* Sources */ = {
			isa = PBXSourcesBuildPhase;
			buildActionMask = 2147483647;
			files = (
				41DC5FF129761F390087B017 /* Coordinator.swift in Sources */,
				41DC5FB929761C2F0087B017 /* ViewController.swift in Sources */,
				41DC5FB529761C2F0087B017 /* AppDelegate.swift in Sources */,
				41DC5FF329761F510087B017 /* MainCoordinator.swift in Sources */,
				41DC5FB729761C2F0087B017 /* SceneDelegate.swift in Sources */,
			);
			runOnlyForDeploymentPostprocessing = 0;
		};
		41DC5FC329761C310087B017 /* Sources */ = {
			isa = PBXSourcesBuildPhase;
			buildActionMask = 2147483647;
			files = (
				41DC5FCC29761C310087B017 /* StocksTests.swift in Sources */,
			);
			runOnlyForDeploymentPostprocessing = 0;
		};
		41DC5FCD29761C310087B017 /* Sources */ = {
			isa = PBXSourcesBuildPhase;
			buildActionMask = 2147483647;
			files = (
				41DC5FD629761C310087B017 /* StocksUITests.swift in Sources */,
				41DC5FD829761C310087B017 /* StocksUITestsLaunchTests.swift in Sources */,
			);
			runOnlyForDeploymentPostprocessing = 0;
		};
/* End PBXSourcesBuildPhase section */

/* Begin PBXTargetDependency section */
		41DC5FC929761C310087B017 /* PBXTargetDependency */ = {
			isa = PBXTargetDependency;
			target = 41DC5FB029761C2F0087B017 /* Stocks */;
			targetProxy = 41DC5FC829761C310087B017 /* PBXContainerItemProxy */;
		};
		41DC5FD329761C310087B017 /* PBXTargetDependency */ = {
			isa = PBXTargetDependency;
			target = 41DC5FB029761C2F0087B017 /* Stocks */;
			targetProxy = 41DC5FD229761C310087B017 /* PBXContainerItemProxy */;
		};
/* End PBXTargetDependency section */

/* Begin PBXVariantGroup section */
		41DC5FBF29761C310087B017 /* LaunchScreen.storyboard */ = {
			isa = PBXVariantGroup;
			children = (
				41DC5FC029761C310087B017 /* Base */,
			);
			name = LaunchScreen.storyboard;
			sourceTree = "<group>";
		};
/* End PBXVariantGroup section */

/* Begin XCBuildConfiguration section */
		41DC5FD929761C310087B017 /* Debug */ = {
			isa = XCBuildConfiguration;
			buildSettings = {
				ALWAYS_SEARCH_USER_PATHS = NO;
				CLANG_ANALYZER_NONNULL = YES;
				CLANG_ANALYZER_NUMBER_OBJECT_CONVERSION = YES_AGGRESSIVE;
				CLANG_CXX_LANGUAGE_STANDARD = "gnu++20";
				CLANG_ENABLE_MODULES = YES;
				CLANG_ENABLE_OBJC_ARC = YES;
				CLANG_ENABLE_OBJC_WEAK = YES;
				CLANG_WARN_BLOCK_CAPTURE_AUTORELEASING = YES;
				CLANG_WARN_BOOL_CONVERSION = YES;
				CLANG_WARN_COMMA = YES;
				CLANG_WARN_CONSTANT_CONVERSION = YES;
				CLANG_WARN_DEPRECATED_OBJC_IMPLEMENTATIONS = YES;
				CLANG_WARN_DIRECT_OBJC_ISA_USAGE = YES_ERROR;
				CLANG_WARN_DOCUMENTATION_COMMENTS = YES;
				CLANG_WARN_EMPTY_BODY = YES;
				CLANG_WARN_ENUM_CONVERSION = YES;
				CLANG_WARN_INFINITE_RECURSION = YES;
				CLANG_WARN_INT_CONVERSION = YES;
				CLANG_WARN_NON_LITERAL_NULL_CONVERSION = YES;
				CLANG_WARN_OBJC_IMPLICIT_RETAIN_SELF = YES;
				CLANG_WARN_OBJC_LITERAL_CONVERSION = YES;
				CLANG_WARN_OBJC_ROOT_CLASS = YES_ERROR;
				CLANG_WARN_QUOTED_INCLUDE_IN_FRAMEWORK_HEADER = YES;
				CLANG_WARN_RANGE_LOOP_ANALYSIS = YES;
				CLANG_WARN_STRICT_PROTOTYPES = YES;
				CLANG_WARN_SUSPICIOUS_MOVE = YES;
				CLANG_WARN_UNGUARDED_AVAILABILITY = YES_AGGRESSIVE;
				CLANG_WARN_UNREACHABLE_CODE = YES;
				CLANG_WARN__DUPLICATE_METHOD_MATCH = YES;
				COPY_PHASE_STRIP = NO;
				DEBUG_INFORMATION_FORMAT = dwarf;
				ENABLE_STRICT_OBJC_MSGSEND = YES;
				ENABLE_TESTABILITY = YES;
				GCC_C_LANGUAGE_STANDARD = gnu11;
				GCC_DYNAMIC_NO_PIC = NO;
				GCC_NO_COMMON_BLOCKS = YES;
				GCC_OPTIMIZATION_LEVEL = 0;
				GCC_PREPROCESSOR_DEFINITIONS = (
					"DEBUG=1",
					"$(inherited)",
				);
				GCC_WARN_64_TO_32_BIT_CONVERSION = YES;
				GCC_WARN_ABOUT_RETURN_TYPE = YES_ERROR;
				GCC_WARN_UNDECLARED_SELECTOR = YES;
				GCC_WARN_UNINITIALIZED_AUTOS = YES_AGGRESSIVE;
				GCC_WARN_UNUSED_FUNCTION = YES;
				GCC_WARN_UNUSED_VARIABLE = YES;
				IPHONEOS_DEPLOYMENT_TARGET = 16.1;
				MTL_ENABLE_DEBUG_INFO = INCLUDE_SOURCE;
				MTL_FAST_MATH = YES;
				ONLY_ACTIVE_ARCH = YES;
				SDKROOT = iphoneos;
				SWIFT_ACTIVE_COMPILATION_CONDITIONS = DEBUG;
				SWIFT_OPTIMIZATION_LEVEL = "-Onone";
			};
			name = Debug;
		};
		41DC5FDA29761C310087B017 /* Release */ = {
			isa = XCBuildConfiguration;
			buildSettings = {
				ALWAYS_SEARCH_USER_PATHS = NO;
				CLANG_ANALYZER_NONNULL = YES;
				CLANG_ANALYZER_NUMBER_OBJECT_CONVERSION = YES_AGGRESSIVE;
				CLANG_CXX_LANGUAGE_STANDARD = "gnu++20";
				CLANG_ENABLE_MODULES = YES;
				CLANG_ENABLE_OBJC_ARC = YES;
				CLANG_ENABLE_OBJC_WEAK = YES;
				CLANG_WARN_BLOCK_CAPTURE_AUTORELEASING = YES;
				CLANG_WARN_BOOL_CONVERSION = YES;
				CLANG_WARN_COMMA = YES;
				CLANG_WARN_CONSTANT_CONVERSION = YES;
				CLANG_WARN_DEPRECATED_OBJC_IMPLEMENTATIONS = YES;
				CLANG_WARN_DIRECT_OBJC_ISA_USAGE = YES_ERROR;
				CLANG_WARN_DOCUMENTATION_COMMENTS = YES;
				CLANG_WARN_EMPTY_BODY = YES;
				CLANG_WARN_ENUM_CONVERSION = YES;
				CLANG_WARN_INFINITE_RECURSION = YES;
				CLANG_WARN_INT_CONVERSION = YES;
				CLANG_WARN_NON_LITERAL_NULL_CONVERSION = YES;
				CLANG_WARN_OBJC_IMPLICIT_RETAIN_SELF = YES;
				CLANG_WARN_OBJC_LITERAL_CONVERSION = YES;
				CLANG_WARN_OBJC_ROOT_CLASS = YES_ERROR;
				CLANG_WARN_QUOTED_INCLUDE_IN_FRAMEWORK_HEADER = YES;
				CLANG_WARN_RANGE_LOOP_ANALYSIS = YES;
				CLANG_WARN_STRICT_PROTOTYPES = YES;
				CLANG_WARN_SUSPICIOUS_MOVE = YES;
				CLANG_WARN_UNGUARDED_AVAILABILITY = YES_AGGRESSIVE;
				CLANG_WARN_UNREACHABLE_CODE = YES;
				CLANG_WARN__DUPLICATE_METHOD_MATCH = YES;
				COPY_PHASE_STRIP = NO;
				DEBUG_INFORMATION_FORMAT = "dwarf-with-dsym";
				ENABLE_NS_ASSERTIONS = NO;
				ENABLE_STRICT_OBJC_MSGSEND = YES;
				GCC_C_LANGUAGE_STANDARD = gnu11;
				GCC_NO_COMMON_BLOCKS = YES;
				GCC_WARN_64_TO_32_BIT_CONVERSION = YES;
				GCC_WARN_ABOUT_RETURN_TYPE = YES_ERROR;
				GCC_WARN_UNDECLARED_SELECTOR = YES;
				GCC_WARN_UNINITIALIZED_AUTOS = YES_AGGRESSIVE;
				GCC_WARN_UNUSED_FUNCTION = YES;
				GCC_WARN_UNUSED_VARIABLE = YES;
				IPHONEOS_DEPLOYMENT_TARGET = 16.1;
				MTL_ENABLE_DEBUG_INFO = NO;
				MTL_FAST_MATH = YES;
				SDKROOT = iphoneos;
				SWIFT_COMPILATION_MODE = wholemodule;
				SWIFT_OPTIMIZATION_LEVEL = "-O";
				VALIDATE_PRODUCT = YES;
			};
			name = Release;
		};
		41DC5FDC29761C310087B017 /* Debug */ = {
			isa = XCBuildConfiguration;
			buildSettings = {
				ASSETCATALOG_COMPILER_APPICON_NAME = AppIcon;
				ASSETCATALOG_COMPILER_GLOBAL_ACCENT_COLOR_NAME = AccentColor;
				CODE_SIGN_STYLE = Automatic;
				CURRENT_PROJECT_VERSION = 1;
				DEVELOPMENT_TEAM = 3V4WKADE8S;
				GENERATE_INFOPLIST_FILE = YES;
				INFOPLIST_FILE = Stocks/Info.plist;
				INFOPLIST_KEY_UIApplicationSupportsIndirectInputEvents = YES;
				INFOPLIST_KEY_UILaunchStoryboardName = LaunchScreen;
				INFOPLIST_KEY_UISupportedInterfaceOrientations_iPad = "UIInterfaceOrientationPortrait UIInterfaceOrientationPortraitUpsideDown UIInterfaceOrientationLandscapeLeft UIInterfaceOrientationLandscapeRight";
				INFOPLIST_KEY_UISupportedInterfaceOrientations_iPhone = "UIInterfaceOrientationPortrait UIInterfaceOrientationLandscapeLeft UIInterfaceOrientationLandscapeRight";
				LD_RUNPATH_SEARCH_PATHS = (
					"$(inherited)",
					"@executable_path/Frameworks",
				);
				MARKETING_VERSION = 1.0;
				PRODUCT_BUNDLE_IDENTIFIER = test.Stocks;
				PRODUCT_NAME = "$(TARGET_NAME)";
				SWIFT_EMIT_LOC_STRINGS = YES;
				SWIFT_VERSION = 5.0;
				TARGETED_DEVICE_FAMILY = "1,2";
			};
			name = Debug;
		};
		41DC5FDD29761C310087B017 /* Release */ = {
			isa = XCBuildConfiguration;
			buildSettings = {
				ASSETCATALOG_COMPILER_APPICON_NAME = AppIcon;
				ASSETCATALOG_COMPILER_GLOBAL_ACCENT_COLOR_NAME = AccentColor;
				CODE_SIGN_STYLE = Automatic;
				CURRENT_PROJECT_VERSION = 1;
				DEVELOPMENT_TEAM = 3V4WKADE8S;
				GENERATE_INFOPLIST_FILE = YES;
				INFOPLIST_FILE = Stocks/Info.plist;
				INFOPLIST_KEY_UIApplicationSupportsIndirectInputEvents = YES;
				INFOPLIST_KEY_UILaunchStoryboardName = LaunchScreen;
				INFOPLIST_KEY_UISupportedInterfaceOrientations_iPad = "UIInterfaceOrientationPortrait UIInterfaceOrientationPortraitUpsideDown UIInterfaceOrientationLandscapeLeft UIInterfaceOrientationLandscapeRight";
				INFOPLIST_KEY_UISupportedInterfaceOrientations_iPhone = "UIInterfaceOrientationPortrait UIInterfaceOrientationLandscapeLeft UIInterfaceOrientationLandscapeRight";
				LD_RUNPATH_SEARCH_PATHS = (
					"$(inherited)",
					"@executable_path/Frameworks",
				);
				MARKETING_VERSION = 1.0;
				PRODUCT_BUNDLE_IDENTIFIER = test.Stocks;
				PRODUCT_NAME = "$(TARGET_NAME)";
				SWIFT_EMIT_LOC_STRINGS = YES;
				SWIFT_VERSION = 5.0;
				TARGETED_DEVICE_FAMILY = "1,2";
			};
			name = Release;
		};
		41DC5FDF29761C310087B017 /* Debug */ = {
			isa = XCBuildConfiguration;
			buildSettings = {
				ALWAYS_EMBED_SWIFT_STANDARD_LIBRARIES = YES;
				BUNDLE_LOADER = "$(TEST_HOST)";
				CODE_SIGN_STYLE = Automatic;
				CURRENT_PROJECT_VERSION = 1;
				DEVELOPMENT_TEAM = 3V4WKADE8S;
				GENERATE_INFOPLIST_FILE = YES;
				IPHONEOS_DEPLOYMENT_TARGET = 16.1;
				MARKETING_VERSION = 1.0;
				PRODUCT_BUNDLE_IDENTIFIER = test.StocksTests;
				PRODUCT_NAME = "$(TARGET_NAME)";
				SWIFT_EMIT_LOC_STRINGS = NO;
				SWIFT_VERSION = 5.0;
				TARGETED_DEVICE_FAMILY = "1,2";
				TEST_HOST = "$(BUILT_PRODUCTS_DIR)/Stocks.app/$(BUNDLE_EXECUTABLE_FOLDER_PATH)/Stocks";
			};
			name = Debug;
		};
		41DC5FE029761C310087B017 /* Release */ = {
			isa = XCBuildConfiguration;
			buildSettings = {
				ALWAYS_EMBED_SWIFT_STANDARD_LIBRARIES = YES;
				BUNDLE_LOADER = "$(TEST_HOST)";
				CODE_SIGN_STYLE = Automatic;
				CURRENT_PROJECT_VERSION = 1;
				DEVELOPMENT_TEAM = 3V4WKADE8S;
				GENERATE_INFOPLIST_FILE = YES;
				IPHONEOS_DEPLOYMENT_TARGET = 16.1;
				MARKETING_VERSION = 1.0;
				PRODUCT_BUNDLE_IDENTIFIER = test.StocksTests;
				PRODUCT_NAME = "$(TARGET_NAME)";
				SWIFT_EMIT_LOC_STRINGS = NO;
				SWIFT_VERSION = 5.0;
				TARGETED_DEVICE_FAMILY = "1,2";
				TEST_HOST = "$(BUILT_PRODUCTS_DIR)/Stocks.app/$(BUNDLE_EXECUTABLE_FOLDER_PATH)/Stocks";
			};
			name = Release;
		};
		41DC5FE229761C310087B017 /* Debug */ = {
			isa = XCBuildConfiguration;
			buildSettings = {
				ALWAYS_EMBED_SWIFT_STANDARD_LIBRARIES = YES;
				CODE_SIGN_STYLE = Automatic;
				CURRENT_PROJECT_VERSION = 1;
				DEVELOPMENT_TEAM = 3V4WKADE8S;
				GENERATE_INFOPLIST_FILE = YES;
				MARKETING_VERSION = 1.0;
				PRODUCT_BUNDLE_IDENTIFIER = test.StocksUITests;
				PRODUCT_NAME = "$(TARGET_NAME)";
				SWIFT_EMIT_LOC_STRINGS = NO;
				SWIFT_VERSION = 5.0;
				TARGETED_DEVICE_FAMILY = "1,2";
				TEST_TARGET_NAME = Stocks;
			};
			name = Debug;
		};
		41DC5FE329761C310087B017 /* Release */ = {
			isa = XCBuildConfiguration;
			buildSettings = {
				ALWAYS_EMBED_SWIFT_STANDARD_LIBRARIES = YES;
				CODE_SIGN_STYLE = Automatic;
				CURRENT_PROJECT_VERSION = 1;
				DEVELOPMENT_TEAM = 3V4WKADE8S;
				GENERATE_INFOPLIST_FILE = YES;
				MARKETING_VERSION = 1.0;
				PRODUCT_BUNDLE_IDENTIFIER = test.StocksUITests;
				PRODUCT_NAME = "$(TARGET_NAME)";
				SWIFT_EMIT_LOC_STRINGS = NO;
				SWIFT_VERSION = 5.0;
				TARGETED_DEVICE_FAMILY = "1,2";
				TEST_TARGET_NAME = Stocks;
			};
			name = Release;
		};
/* End XCBuildConfiguration section */

/* Begin XCConfigurationList section */
		41DC5FAC29761C2F0087B017 /* Build configuration list for PBXProject "Stocks" */ = {
			isa = XCConfigurationList;
			buildConfigurations = (
				41DC5FD929761C310087B017 /* Debug */,
				41DC5FDA29761C310087B017 /* Release */,
			);
			defaultConfigurationIsVisible = 0;
			defaultConfigurationName = Release;
		};
		41DC5FDB29761C310087B017 /* Build configuration list for PBXNativeTarget "Stocks" */ = {
			isa = XCConfigurationList;
			buildConfigurations = (
				41DC5FDC29761C310087B017 /* Debug */,
				41DC5FDD29761C310087B017 /* Release */,
			);
			defaultConfigurationIsVisible = 0;
			defaultConfigurationName = Release;
		};
		41DC5FDE29761C310087B017 /* Build configuration list for PBXNativeTarget "StocksTests" */ = {
			isa = XCConfigurationList;
			buildConfigurations = (
				41DC5FDF29761C310087B017 /* Debug */,
				41DC5FE029761C310087B017 /* Release */,
			);
			defaultConfigurationIsVisible = 0;
			defaultConfigurationName = Release;
		};
		41DC5FE129761C310087B017 /* Build configuration list for PBXNativeTarget "StocksUITests" */ = {
			isa = XCConfigurationList;
			buildConfigurations = (
				41DC5FE229761C310087B017 /* Debug */,
				41DC5FE329761C310087B017 /* Release */,
			);
			defaultConfigurationIsVisible = 0;
			defaultConfigurationName = Release;
		};
/* End XCConfigurationList section */

/* Begin XCRemoteSwiftPackageReference section */
		41DC5FE429761D280087B017 /* XCRemoteSwiftPackageReference "XCAStocksAPI" */ = {
			isa = XCRemoteSwiftPackageReference;
			repositoryURL = "https://github.com/alfianlosari/XCAStocksAPI";
			requirement = {
				branch = main;
				kind = branch;
			};
		};
/* End XCRemoteSwiftPackageReference section */

/* Begin XCSwiftPackageProductDependency section */
		41DC5FE529761D280087B017 /* XCAStocksAPI */ = {
			isa = XCSwiftPackageProductDependency;
			package = 41DC5FE429761D280087B017 /* XCRemoteSwiftPackageReference "XCAStocksAPI" */;
			productName = XCAStocksAPI;
		};
/* End XCSwiftPackageProductDependency section */
	};
	rootObject = 41DC5FA929761C2F0087B017 /* Project object */;
}
