{
  "pins" : [
    {
      "identity" : "snapkit",
      "kind" : "remoteSourceControl",
      "location" : "https://github.com/SnapKit/SnapKit.git",
      "state" : {
        "branch" : "develop",
        "revision" : "58320fe80522414bf3a7e24c88123581dc586752"
      }
    },
    {
      "identity" : "xcastocksapi",
      "kind" : "remoteSourceControl",
      "location" : "https://github.com/alfianlosari/XCAStocksAPI",
      "state" : {
        "branch" : "main",
        "revision" : "2b2116f70ac12727a8e17918ea3e94fd5687bd0e"
      }
    }
  ],
  "version" : 2
}
